{
    "name": "ngx-fp-ts",
    "version": "0.0.1",
    "lockfileVersion": 1,
    "requires": true,
    "dependencies": {
        "fp-ts": {
            "version": "2.8.4",
            "resolved": "https://registry.npmjs.org/fp-ts/-/fp-ts-2.8.4.tgz",
            "integrity": "sha512-J+kwce5SysU0YKuZ3aCnFk+dyezZD1mij6u26w1fCVfuLYgJR4eeXmVfJiUjthpZ+4yCRkRfcwMI5SkGw52oFA=="
        }
    }
}
